
Microsoft Visual Studio Solution File, Format Version 12.00
# Visual Studio Version 17
VisualStudioVersion = 17.9.34714.143
MinimumVisualStudioVersion = 10.0.40219.1
Project("{9A19103F-16F7-4668-BE54-9A1E7A4F7556}") = "EjercitacionCAI", "EjercitacionCAI.csproj", "{019FF5D9-AFFD-44EF-B352-4C2B29B0D95C}"
EndProject
Project("{FAE04EC0-301F-11D3-BF4B-00C04F79EFBC}") = "GuiaEjerciciosCAI_1", "..\GuiaEjerciciosCAI_1\GuiaEjerciciosCAI_1.csproj", "{FCD56B42-92A1-444B-816A-875405C2A0FF}"
EndProject
Global
	GlobalSection(SolutionConfigurationPlatforms) = preSolution
		Debug|Any CPU = Debug|Any CPU
		Release|Any CPU = Release|Any CPU
	EndGlobalSection
	GlobalSection(ProjectConfigurationPlatforms) = postSolution
		{019FF5D9-AFFD-44EF-B352-4C2B29B0D95C}.Debug|Any CPU.ActiveCfg = Debug|Any CPU
		{019FF5D9-AFFD-44EF-B352-4C2B29B0D95C}.Debug|Any CPU.Build.0 = Debug|Any CPU
		{019FF5D9-AFFD-44EF-B352-4C2B29B0D95C}.Release|Any CPU.ActiveCfg = Release|Any CPU
		{019FF5D9-AFFD-44EF-B352-4C2B29B0D95C}.Release|Any CPU.Build.0 = Release|Any CPU
		{FCD56B42-92A1-444B-816A-875405C2A0FF}.Debug|Any CPU.ActiveCfg = Debug|Any CPU
		{FCD56B42-92A1-444B-816A-875405C2A0FF}.Debug|Any CPU.Build.0 = Debug|Any CPU
		{FCD56B42-92A1-444B-816A-875405C2A0FF}.Release|Any CPU.ActiveCfg = Release|Any CPU
		{FCD56B42-92A1-444B-816A-875405C2A0FF}.Release|Any CPU.Build.0 = Release|Any CPU
	EndGlobalSection
	GlobalSection(SolutionProperties) = preSolution
		HideSolutionNode = FALSE
	EndGlobalSection
	GlobalSection(ExtensibilityGlobals) = postSolution
		SolutionGuid = {207C59E3-579A-4B76-9B0A-71F7B14C1003}
	EndGlobalSection
EndGlobal
