
Microsoft Visual Studio Solution File, Format Version 12.00
# Visual Studio Version 17
VisualStudioVersion = 17.9.34714.143
MinimumVisualStudioVersion = 10.0.40219.1
Project("{9A19103F-16F7-4668-BE54-9A1E7A4F7556}") = "GuiaEjerciciosCAI_1", "GuiaEjerciciosCAI_1\GuiaEjerciciosCAI_1.csproj", "{FB88FE60-3962-4ADD-9C0B-654B538F4CF6}"
EndProject
Project("{9A19103F-16F7-4668-BE54-9A1E7A4F7556}") = "GuiaEjerciciosCAI_2", "GuiaEjerciciosCAI_2\GuiaEjerciciosCAI_2.csproj", "{74EB91DC-77ED-4043-AC8C-64CE5490DF7D}"
EndProject
Project("{9A19103F-16F7-4668-BE54-9A1E7A4F7556}") = "GuiaEjerciciosCAI_3", "GuiaEjerciciosCAI_3\GuiaEjerciciosCAI_3.csproj", "{0FDAA236-6073-4346-ACF6-B4FCCD1B2965}"
EndProject
Global
	GlobalSection(SolutionConfigurationPlatforms) = preSolution
		Debug|Any CPU = Debug|Any CPU
		Release|Any CPU = Release|Any CPU
	EndGlobalSection
	GlobalSection(ProjectConfigurationPlatforms) = postSolution
		{FB88FE60-3962-4ADD-9C0B-654B538F4CF6}.Debug|Any CPU.ActiveCfg = Debug|Any CPU
		{FB88FE60-3962-4ADD-9C0B-654B538F4CF6}.Debug|Any CPU.Build.0 = Debug|Any CPU
		{FB88FE60-3962-4ADD-9C0B-654B538F4CF6}.Release|Any CPU.ActiveCfg = Release|Any CPU
		{FB88FE60-3962-4ADD-9C0B-654B538F4CF6}.Release|Any CPU.Build.0 = Release|Any CPU
		{74EB91DC-77ED-4043-AC8C-64CE5490DF7D}.Debug|Any CPU.ActiveCfg = Debug|Any CPU
		{74EB91DC-77ED-4043-AC8C-64CE5490DF7D}.Debug|Any CPU.Build.0 = Debug|Any CPU
		{74EB91DC-77ED-4043-AC8C-64CE5490DF7D}.Release|Any CPU.ActiveCfg = Release|Any CPU
		{74EB91DC-77ED-4043-AC8C-64CE5490DF7D}.Release|Any CPU.Build.0 = Release|Any CPU
		{0FDAA236-6073-4346-ACF6-B4FCCD1B2965}.Debug|Any CPU.ActiveCfg = Debug|Any CPU
		{0FDAA236-6073-4346-ACF6-B4FCCD1B2965}.Debug|Any CPU.Build.0 = Debug|Any CPU
		{0FDAA236-6073-4346-ACF6-B4FCCD1B2965}.Release|Any CPU.ActiveCfg = Release|Any CPU
		{0FDAA236-6073-4346-ACF6-B4FCCD1B2965}.Release|Any CPU.Build.0 = Release|Any CPU
	EndGlobalSection
	GlobalSection(SolutionProperties) = preSolution
		HideSolutionNode = FALSE
	EndGlobalSection
	GlobalSection(ExtensibilityGlobals) = postSolution
		SolutionGuid = {207C59E3-579A-4B76-9B0A-71F7B14C1003}
	EndGlobalSection
EndGlobal
